
Microsoft Visual Studio Solution File, Format Version 12.00
# Visual Studio 15
VisualStudioVersion = 15.0.27004.2010
MinimumVisualStudioVersion = 10.0.40219.1
Project("{FAE04EC0-301F-11D3-BF4B-00C04F79EFBC}") = "dockerwebsample", "dockerwebsample\dockerwebsample.csproj", "{D2092203-8C8C-4422-916D-FED1BDB27614}"
EndProject
Project("{E53339B2-1760-4266-BCC7-CA923CBCF16C}") = "docker-compose", "docker-compose.dcproj", "{EFC1CB19-A1E3-44BA-9D3D-322CA7C22F45}"
EndProject
Global
	GlobalSection(SolutionConfigurationPlatforms) = preSolution
		Debug|Any CPU = Debug|Any CPU
		Release|Any CPU = Release|Any CPU
	EndGlobalSection
	GlobalSection(ProjectConfigurationPlatforms) = postSolution
		{D2092203-8C8C-4422-916D-FED1BDB27614}.Debug|Any CPU.ActiveCfg = Debug|Any CPU
		{D2092203-8C8C-4422-916D-FED1BDB27614}.Debug|Any CPU.Build.0 = Debug|Any CPU
		{D2092203-8C8C-4422-916D-FED1BDB27614}.Release|Any CPU.ActiveCfg = Release|Any CPU
		{D2092203-8C8C-4422-916D-FED1BDB27614}.Release|Any CPU.Build.0 = Release|Any CPU
		{EFC1CB19-A1E3-44BA-9D3D-322CA7C22F45}.Debug|Any CPU.ActiveCfg = Debug|Any CPU
		{EFC1CB19-A1E3-44BA-9D3D-322CA7C22F45}.Debug|Any CPU.Build.0 = Debug|Any CPU
		{EFC1CB19-A1E3-44BA-9D3D-322CA7C22F45}.Release|Any CPU.ActiveCfg = Release|Any CPU
		{EFC1CB19-A1E3-44BA-9D3D-322CA7C22F45}.Release|Any CPU.Build.0 = Release|Any CPU
	EndGlobalSection
	GlobalSection(SolutionProperties) = preSolution
		HideSolutionNode = FALSE
	EndGlobalSection
	GlobalSection(ExtensibilityGlobals) = postSolution
		SolutionGuid = {5B7F41A6-6C17-44F9-9239-A94ECBB1A9A0}
	EndGlobalSection
EndGlobal
